
Microsoft Visual Studio Solution File, Format Version 12.00
# Visual Studio Version 17
VisualStudioVersion = 17.0.31903.59
MinimumVisualStudioVersion = 10.0.40219.1
Project("{2150E333-8FDC-42A3-9474-1A3956D46DE8}") = "src", "src", "{827E0CD3-B72D-47B6-A68D-7590B98EB39B}"
EndProject
Project("{FAE04EC0-301F-11D3-BF4B-00C04F79EFBC}") = "Barback.App", "src\Barback.App\Barback.App.csproj", "{4CD72C8E-5CCA-4F63-8432-6F77EA920289}"
EndProject
Project("{FAE04EC0-301F-11D3-BF4B-00C04F79EFBC}") = "Barback.Core", "src\Barback.Core\Barback.Core.csproj", "{687902B6-7090-48D7-9096-ABB168451FC9}"
EndProject
Project("{FAE04EC0-301F-11D3-BF4B-00C04F79EFBC}") = "Barback.Windows", "src\Barback.Windows\Barback.Windows.csproj", "{F4B03A5F-9F15-4736-B70A-8AEA872AD581}"
EndProject
Project("{FAE04EC0-301F-11D3-BF4B-00C04F79EFBC}") = "Barback.Storage", "src\Barback.Storage\Barback.Storage.csproj", "{04193535-F4B6-4CBB-8F04-787A17A66373}"
EndProject
Project("{FAE04EC0-301F-11D3-BF4B-00C04F79EFBC}") = "Barback.ConsoleHost", "src\Barback.ConsoleHost\Barback.ConsoleHost.csproj", "{E4ED5B95-ACF8-4737-B704-EE3F8C958818}"
EndProject
Project("{2150E333-8FDC-42A3-9474-1A3956D46DE8}") = "tests", "tests", "{0AB3BF05-4346-4AA6-1389-037BE0695223}"
EndProject
Project("{FAE04EC0-301F-11D3-BF4B-00C04F79EFBC}") = "Barback.Core.Tests", "tests\Barback.Core.Tests\Barback.Core.Tests.csproj", "{D59EBF56-C95A-4BB6-9D3F-3DCD6EEB2864}"
EndProject
Project("{FAE04EC0-301F-11D3-BF4B-00C04F79EFBC}") = "Barback.Storage.Tests", "tests\Barback.Storage.Tests\Barback.Storage.Tests.csproj", "{5BBA30FB-FDD0-4042-A1F6-4EAF49C6DE2E}"
EndProject
Project("{FAE04EC0-301F-11D3-BF4B-00C04F79EFBC}") = "Barback.Windows.Tests", "tests\Barback.Windows.Tests\Barback.Windows.Tests.csproj", "{94973A19-4E06-47F2-BA5A-DFBD5170C70D}"
EndProject
Project("{2150E333-8FDC-42A3-9474-1A3956D46DE8}") = "fixtures", "fixtures", "{7A31CED4-1678-4AF3-8F73-6A118B9DA039}"
EndProject
Project("{FAE04EC0-301F-11D3-BF4B-00C04F79EFBC}") = "Barback.TestChild", "fixtures\Barback.TestChild\Barback.TestChild.csproj", "{7C060147-54B4-43B8-B044-C46F2783581D}"
EndProject
Project("{FAE04EC0-301F-11D3-BF4B-00C04F79EFBC}") = "Barback.CrashHarness", "fixtures\Barback.CrashHarness\Barback.CrashHarness.csproj", "{2B2C8F8C-403D-4B7F-8C03-D9E361615074}"
EndProject
Global
	GlobalSection(SolutionConfigurationPlatforms) = preSolution
		Debug|Any CPU = Debug|Any CPU
		Debug|x64 = Debug|x64
		Release|Any CPU = Release|Any CPU
		Release|x64 = Release|x64
		Debug|ARM64 = Debug|ARM64
		Release|ARM64 = Release|ARM64
	EndGlobalSection
	GlobalSection(ProjectConfigurationPlatforms) = postSolution
		{4CD72C8E-5CCA-4F63-8432-6F77EA920289}.Debug|Any CPU.ActiveCfg = Debug|x64
		{4CD72C8E-5CCA-4F63-8432-6F77EA920289}.Debug|Any CPU.Build.0 = Debug|x64
		{4CD72C8E-5CCA-4F63-8432-6F77EA920289}.Debug|x64.ActiveCfg = Debug|x64
		{4CD72C8E-5CCA-4F63-8432-6F77EA920289}.Debug|x64.Build.0 = Debug|x64
		{4CD72C8E-5CCA-4F63-8432-6F77EA920289}.Release|Any CPU.ActiveCfg = Release|x64
		{4CD72C8E-5CCA-4F63-8432-6F77EA920289}.Release|Any CPU.Build.0 = Release|x64
		{4CD72C8E-5CCA-4F63-8432-6F77EA920289}.Release|x64.ActiveCfg = Release|x64
		{4CD72C8E-5CCA-4F63-8432-6F77EA920289}.Release|x64.Build.0 = Release|x64
		{687902B6-7090-48D7-9096-ABB168451FC9}.Debug|Any CPU.ActiveCfg = Debug|Any CPU
		{687902B6-7090-48D7-9096-ABB168451FC9}.Debug|Any CPU.Build.0 = Debug|Any CPU
		{687902B6-7090-48D7-9096-ABB168451FC9}.Debug|x64.ActiveCfg = Debug|Any CPU
		{687902B6-7090-48D7-9096-ABB168451FC9}.Debug|x64.Build.0 = Debug|Any CPU
		{687902B6-7090-48D7-9096-ABB168451FC9}.Release|Any CPU.ActiveCfg = Release|Any CPU
		{687902B6-7090-48D7-9096-ABB168451FC9}.Release|Any CPU.Build.0 = Release|Any CPU
		{687902B6-7090-48D7-9096-ABB168451FC9}.Release|x64.ActiveCfg = Release|Any CPU
		{687902B6-7090-48D7-9096-ABB168451FC9}.Release|x64.Build.0 = Release|Any CPU
		{F4B03A5F-9F15-4736-B70A-8AEA872AD581}.Debug|Any CPU.ActiveCfg = Debug|Any CPU
		{F4B03A5F-9F15-4736-B70A-8AEA872AD581}.Debug|Any CPU.Build.0 = Debug|Any CPU
		{F4B03A5F-9F15-4736-B70A-8AEA872AD581}.Debug|x64.ActiveCfg = Debug|Any CPU
		{F4B03A5F-9F15-4736-B70A-8AEA872AD581}.Debug|x64.Build.0 = Debug|Any CPU
		{F4B03A5F-9F15-4736-B70A-8AEA872AD581}.Release|Any CPU.ActiveCfg = Release|Any CPU
		{F4B03A5F-9F15-4736-B70A-8AEA872AD581}.Release|Any CPU.Build.0 = Release|Any CPU
		{F4B03A5F-9F15-4736-B70A-8AEA872AD581}.Release|x64.ActiveCfg = Release|Any CPU
		{F4B03A5F-9F15-4736-B70A-8AEA872AD581}.Release|x64.Build.0 = Release|Any CPU
		{04193535-F4B6-4CBB-8F04-787A17A66373}.Debug|Any CPU.ActiveCfg = Debug|Any CPU
		{04193535-F4B6-4CBB-8F04-787A17A66373}.Debug|Any CPU.Build.0 = Debug|Any CPU
		{04193535-F4B6-4CBB-8F04-787A17A66373}.Debug|x64.ActiveCfg = Debug|Any CPU
		{04193535-F4B6-4CBB-8F04-787A17A66373}.Debug|x64.Build.0 = Debug|Any CPU
		{04193535-F4B6-4CBB-8F04-787A17A66373}.Release|Any CPU.ActiveCfg = Release|Any CPU
		{04193535-F4B6-4CBB-8F04-787A17A66373}.Release|Any CPU.Build.0 = Release|Any CPU
		{04193535-F4B6-4CBB-8F04-787A17A66373}.Release|x64.ActiveCfg = Release|Any CPU
		{04193535-F4B6-4CBB-8F04-787A17A66373}.Release|x64.Build.0 = Release|Any CPU
		{E4ED5B95-ACF8-4737-B704-EE3F8C958818}.Debug|Any CPU.ActiveCfg = Debug|Any CPU
		{E4ED5B95-ACF8-4737-B704-EE3F8C958818}.Debug|Any CPU.Build.0 = Debug|Any CPU
		{E4ED5B95-ACF8-4737-B704-EE3F8C958818}.Debug|x64.ActiveCfg = Debug|Any CPU
		{E4ED5B95-ACF8-4737-B704-EE3F8C958818}.Debug|x64.Build.0 = Debug|Any CPU
		{E4ED5B95-ACF8-4737-B704-EE3F8C958818}.Release|Any CPU.ActiveCfg = Release|Any CPU
		{E4ED5B95-ACF8-4737-B704-EE3F8C958818}.Release|Any CPU.Build.0 = Release|Any CPU
		{E4ED5B95-ACF8-4737-B704-EE3F8C958818}.Release|x64.ActiveCfg = Release|Any CPU
		{E4ED5B95-ACF8-4737-B704-EE3F8C958818}.Release|x64.Build.0 = Release|Any CPU
		{D59EBF56-C95A-4BB6-9D3F-3DCD6EEB2864}.Debug|Any CPU.ActiveCfg = Debug|Any CPU
		{D59EBF56-C95A-4BB6-9D3F-3DCD6EEB2864}.Debug|Any CPU.Build.0 = Debug|Any CPU
		{D59EBF56-C95A-4BB6-9D3F-3DCD6EEB2864}.Debug|x64.ActiveCfg = Debug|Any CPU
		{D59EBF56-C95A-4BB6-9D3F-3DCD6EEB2864}.Debug|x64.Build.0 = Debug|Any CPU
		{D59EBF56-C95A-4BB6-9D3F-3DCD6EEB2864}.Release|Any CPU.ActiveCfg = Release|Any CPU
		{D59EBF56-C95A-4BB6-9D3F-3DCD6EEB2864}.Release|Any CPU.Build.0 = Release|Any CPU
		{D59EBF56-C95A-4BB6-9D3F-3DCD6EEB2864}.Release|x64.ActiveCfg = Release|Any CPU
		{D59EBF56-C95A-4BB6-9D3F-3DCD6EEB2864}.Release|x64.Build.0 = Release|Any CPU
		{5BBA30FB-FDD0-4042-A1F6-4EAF49C6DE2E}.Debug|Any CPU.ActiveCfg = Debug|Any CPU
		{5BBA30FB-FDD0-4042-A1F6-4EAF49C6DE2E}.Debug|Any CPU.Build.0 = Debug|Any CPU
		{5BBA30FB-FDD0-4042-A1F6-4EAF49C6DE2E}.Debug|x64.ActiveCfg = Debug|Any CPU
		{5BBA30FB-FDD0-4042-A1F6-4EAF49C6DE2E}.Debug|x64.Build.0 = Debug|Any CPU
		{5BBA30FB-FDD0-4042-A1F6-4EAF49C6DE2E}.Release|Any CPU.ActiveCfg = Release|Any CPU
		{5BBA30FB-FDD0-4042-A1F6-4EAF49C6DE2E}.Release|Any CPU.Build.0 = Release|Any CPU
		{5BBA30FB-FDD0-4042-A1F6-4EAF49C6DE2E}.Release|x64.ActiveCfg = Release|Any CPU
		{5BBA30FB-FDD0-4042-A1F6-4EAF49C6DE2E}.Release|x64.Build.0 = Release|Any CPU
		{94973A19-4E06-47F2-BA5A-DFBD5170C70D}.Debug|Any CPU.ActiveCfg = Debug|Any CPU
		{94973A19-4E06-47F2-BA5A-DFBD5170C70D}.Debug|Any CPU.Build.0 = Debug|Any CPU
		{94973A19-4E06-47F2-BA5A-DFBD5170C70D}.Debug|x64.ActiveCfg = Debug|Any CPU
		{94973A19-4E06-47F2-BA5A-DFBD5170C70D}.Debug|x64.Build.0 = Debug|Any CPU
		{94973A19-4E06-47F2-BA5A-DFBD5170C70D}.Release|Any CPU.ActiveCfg = Release|Any CPU
		{94973A19-4E06-47F2-BA5A-DFBD5170C70D}.Release|Any CPU.Build.0 = Release|Any CPU
		{94973A19-4E06-47F2-BA5A-DFBD5170C70D}.Release|x64.ActiveCfg = Release|Any CPU
		{94973A19-4E06-47F2-BA5A-DFBD5170C70D}.Release|x64.Build.0 = Release|Any CPU
		{7C060147-54B4-43B8-B044-C46F2783581D}.Debug|Any CPU.ActiveCfg = Debug|Any CPU
		{7C060147-54B4-43B8-B044-C46F2783581D}.Debug|Any CPU.Build.0 = Debug|Any CPU
		{7C060147-54B4-43B8-B044-C46F2783581D}.Debug|x64.ActiveCfg = Debug|Any CPU
		{7C060147-54B4-43B8-B044-C46F2783581D}.Debug|x64.Build.0 = Debug|Any CPU
		{7C060147-54B4-43B8-B044-C46F2783581D}.Release|Any CPU.ActiveCfg = Release|Any CPU
		{7C060147-54B4-43B8-B044-C46F2783581D}.Release|Any CPU.Build.0 = Release|Any CPU
		{7C060147-54B4-43B8-B044-C46F2783581D}.Release|x64.ActiveCfg = Release|Any CPU
		{7C060147-54B4-43B8-B044-C46F2783581D}.Release|x64.Build.0 = Release|Any CPU
		{2B2C8F8C-403D-4B7F-8C03-D9E361615074}.Debug|Any CPU.ActiveCfg = Debug|Any CPU
		{2B2C8F8C-403D-4B7F-8C03-D9E361615074}.Debug|Any CPU.Build.0 = Debug|Any CPU
		{2B2C8F8C-403D-4B7F-8C03-D9E361615074}.Debug|x64.ActiveCfg = Debug|Any CPU
		{2B2C8F8C-403D-4B7F-8C03-D9E361615074}.Debug|x64.Build.0 = Debug|Any CPU
		{2B2C8F8C-403D-4B7F-8C03-D9E361615074}.Release|Any CPU.ActiveCfg = Release|Any CPU
		{2B2C8F8C-403D-4B7F-8C03-D9E361615074}.Release|Any CPU.Build.0 = Release|Any CPU
		{2B2C8F8C-403D-4B7F-8C03-D9E361615074}.Release|x64.ActiveCfg = Release|Any CPU
		{2B2C8F8C-403D-4B7F-8C03-D9E361615074}.Release|x64.Build.0 = Release|Any CPU
		{4CD72C8E-5CCA-4F63-8432-6F77EA920289}.Debug|ARM64.ActiveCfg = Debug|ARM64
		{4CD72C8E-5CCA-4F63-8432-6F77EA920289}.Debug|ARM64.Build.0 = Debug|ARM64
		{4CD72C8E-5CCA-4F63-8432-6F77EA920289}.Release|ARM64.ActiveCfg = Release|ARM64
		{4CD72C8E-5CCA-4F63-8432-6F77EA920289}.Release|ARM64.Build.0 = Release|ARM64
		{687902B6-7090-48D7-9096-ABB168451FC9}.Debug|ARM64.ActiveCfg = Debug|Any CPU
		{687902B6-7090-48D7-9096-ABB168451FC9}.Debug|ARM64.Build.0 = Debug|Any CPU
		{687902B6-7090-48D7-9096-ABB168451FC9}.Release|ARM64.ActiveCfg = Release|Any CPU
		{687902B6-7090-48D7-9096-ABB168451FC9}.Release|ARM64.Build.0 = Release|Any CPU
		{F4B03A5F-9F15-4736-B70A-8AEA872AD581}.Debug|ARM64.ActiveCfg = Debug|Any CPU
		{F4B03A5F-9F15-4736-B70A-8AEA872AD581}.Debug|ARM64.Build.0 = Debug|Any CPU
		{F4B03A5F-9F15-4736-B70A-8AEA872AD581}.Release|ARM64.ActiveCfg = Release|Any CPU
		{F4B03A5F-9F15-4736-B70A-8AEA872AD581}.Release|ARM64.Build.0 = Release|Any CPU
		{04193535-F4B6-4CBB-8F04-787A17A66373}.Debug|ARM64.ActiveCfg = Debug|Any CPU
		{04193535-F4B6-4CBB-8F04-787A17A66373}.Debug|ARM64.Build.0 = Debug|Any CPU
		{04193535-F4B6-4CBB-8F04-787A17A66373}.Release|ARM64.ActiveCfg = Release|Any CPU
		{04193535-F4B6-4CBB-8F04-787A17A66373}.Release|ARM64.Build.0 = Release|Any CPU
		{E4ED5B95-ACF8-4737-B704-EE3F8C958818}.Debug|ARM64.ActiveCfg = Debug|Any CPU
		{E4ED5B95-ACF8-4737-B704-EE3F8C958818}.Debug|ARM64.Build.0 = Debug|Any CPU
		{E4ED5B95-ACF8-4737-B704-EE3F8C958818}.Release|ARM64.ActiveCfg = Release|Any CPU
		{E4ED5B95-ACF8-4737-B704-EE3F8C958818}.Release|ARM64.Build.0 = Release|Any CPU
		{D59EBF56-C95A-4BB6-9D3F-3DCD6EEB2864}.Debug|ARM64.ActiveCfg = Debug|Any CPU
		{D59EBF56-C95A-4BB6-9D3F-3DCD6EEB2864}.Debug|ARM64.Build.0 = Debug|Any CPU
		{D59EBF56-C95A-4BB6-9D3F-3DCD6EEB2864}.Release|ARM64.ActiveCfg = Release|Any CPU
		{D59EBF56-C95A-4BB6-9D3F-3DCD6EEB2864}.Release|ARM64.Build.0 = Release|Any CPU
		{5BBA30FB-FDD0-4042-A1F6-4EAF49C6DE2E}.Debug|ARM64.ActiveCfg = Debug|Any CPU
		{5BBA30FB-FDD0-4042-A1F6-4EAF49C6DE2E}.Debug|ARM64.Build.0 = Debug|Any CPU
		{5BBA30FB-FDD0-4042-A1F6-4EAF49C6DE2E}.Release|ARM64.ActiveCfg = Release|Any CPU
		{5BBA30FB-FDD0-4042-A1F6-4EAF49C6DE2E}.Release|ARM64.Build.0 = Release|Any CPU
		{94973A19-4E06-47F2-BA5A-DFBD5170C70D}.Debug|ARM64.ActiveCfg = Debug|Any CPU
		{94973A19-4E06-47F2-BA5A-DFBD5170C70D}.Debug|ARM64.Build.0 = Debug|Any CPU
		{94973A19-4E06-47F2-BA5A-DFBD5170C70D}.Release|ARM64.ActiveCfg = Release|Any CPU
		{94973A19-4E06-47F2-BA5A-DFBD5170C70D}.Release|ARM64.Build.0 = Release|Any CPU
		{7C060147-54B4-43B8-B044-C46F2783581D}.Debug|ARM64.ActiveCfg = Debug|Any CPU
		{7C060147-54B4-43B8-B044-C46F2783581D}.Debug|ARM64.Build.0 = Debug|Any CPU
		{7C060147-54B4-43B8-B044-C46F2783581D}.Release|ARM64.ActiveCfg = Release|Any CPU
		{7C060147-54B4-43B8-B044-C46F2783581D}.Release|ARM64.Build.0 = Release|Any CPU
		{2B2C8F8C-403D-4B7F-8C03-D9E361615074}.Debug|ARM64.ActiveCfg = Debug|Any CPU
		{2B2C8F8C-403D-4B7F-8C03-D9E361615074}.Debug|ARM64.Build.0 = Debug|Any CPU
		{2B2C8F8C-403D-4B7F-8C03-D9E361615074}.Release|ARM64.ActiveCfg = Release|Any CPU
		{2B2C8F8C-403D-4B7F-8C03-D9E361615074}.Release|ARM64.Build.0 = Release|Any CPU
	EndGlobalSection
	GlobalSection(SolutionProperties) = preSolution
		HideSolutionNode = FALSE
	EndGlobalSection
	GlobalSection(NestedProjects) = preSolution
		{4CD72C8E-5CCA-4F63-8432-6F77EA920289} = {827E0CD3-B72D-47B6-A68D-7590B98EB39B}
		{687902B6-7090-48D7-9096-ABB168451FC9} = {827E0CD3-B72D-47B6-A68D-7590B98EB39B}
		{F4B03A5F-9F15-4736-B70A-8AEA872AD581} = {827E0CD3-B72D-47B6-A68D-7590B98EB39B}
		{04193535-F4B6-4CBB-8F04-787A17A66373} = {827E0CD3-B72D-47B6-A68D-7590B98EB39B}
		{E4ED5B95-ACF8-4737-B704-EE3F8C958818} = {827E0CD3-B72D-47B6-A68D-7590B98EB39B}
		{D59EBF56-C95A-4BB6-9D3F-3DCD6EEB2864} = {0AB3BF05-4346-4AA6-1389-037BE0695223}
		{5BBA30FB-FDD0-4042-A1F6-4EAF49C6DE2E} = {0AB3BF05-4346-4AA6-1389-037BE0695223}
		{94973A19-4E06-47F2-BA5A-DFBD5170C70D} = {0AB3BF05-4346-4AA6-1389-037BE0695223}
		{7C060147-54B4-43B8-B044-C46F2783581D} = {7A31CED4-1678-4AF3-8F73-6A118B9DA039}
		{2B2C8F8C-403D-4B7F-8C03-D9E361615074} = {7A31CED4-1678-4AF3-8F73-6A118B9DA039}
	EndGlobalSection
EndGlobal
